// !$*UTF8*$!
{
	archiveVersion = 1;
	classes = {
	};
	objectVersion = 46;
	objects = {

/* Begin PBXBuildFile section */
		CEBB47DAE59555832CEC0A10 /* Pods_MMX_PromiseKitTests.framework in Frameworks */ = {isa = PBXBuildFile; fileRef = 9D54FD053F9922D3A89BD7D8 /* Pods_MMX_PromiseKitTests.framework */; settings = {ATTRIBUTES = (Weak, ); }; };
		F5C056C37D5DF990D811FCA9 /* Pods_MMX_PromiseKit.framework in Frameworks */ = {isa = PBXBuildFile; fileRef = 4E90285ACC86463D9C735F70 /* Pods_MMX_PromiseKit.framework */; settings = {ATTRIBUTES = (Weak, ); }; };
		FA238F771B8E73AB00DFE4E1 /* MMX_PromiseKit.h in Headers */ = {isa = PBXBuildFile; fileRef = FA238F761B8E73AB00DFE4E1 /* MMX_PromiseKit.h */; settings = {ATTRIBUTES = (Public, ); }; };
		FA238F7D1B8E73AB00DFE4E1 /* MMX_PromiseKit.framework in Frameworks */ = {isa = PBXBuildFile; fileRef = FA238F711B8E73AB00DFE4E1 /* MMX_PromiseKit.framework */; };
		FA238FBC1B8E796100DFE4E1 /* MMX-PromiseKit.podspec in Resources */ = {isa = PBXBuildFile; fileRef = FA238FBB1B8E796100DFE4E1 /* MMX-PromiseKit.podspec */; };
		FA238FBE1B8E7B0400DFE4E1 /* LICENSE in Resources */ = {isa = PBXBuildFile; fileRef = FA238FBD1B8E7B0400DFE4E1 /* LICENSE */; };
		FA238FC11B8E7C8A00DFE4E1 /* MMX+PromiseKit.h in Headers */ = {isa = PBXBuildFile; fileRef = FA238FBF1B8E7C8A00DFE4E1 /* MMX+PromiseKit.h */; };
		FA238FC21B8E7C8A00DFE4E1 /* MMX+PromiseKit.m in Sources */ = {isa = PBXBuildFile; fileRef = FA238FC01B8E7C8A00DFE4E1 /* MMX+PromiseKit.m */; };
		FA4FC5CE1B8EA1EF00CF0441 /* MMX-PromiseKit.m in Sources */ = {isa = PBXBuildFile; fileRef = FA4FC5CD1B8EA1EF00CF0441 /* MMX-PromiseKit.m */; };
		FA4FC5D01B8EA98000CF0441 /* .travis.yml in Resources */ = {isa = PBXBuildFile; fileRef = FA4FC5CF1B8EA98000CF0441 /* .travis.yml */; };
		FA4FC5D21B8EAA3900CF0441 /* .coveralls.yml in Resources */ = {isa = PBXBuildFile; fileRef = FA4FC5D11B8EAA3900CF0441 /* .coveralls.yml */; };
		FA4FC5D41B8EAC0600CF0441 /* Gemfile in Resources */ = {isa = PBXBuildFile; fileRef = FA4FC5D31B8EAC0600CF0441 /* Gemfile */; };
		FA4FC5D61B8EAC5100CF0441 /* .slather.yml in Resources */ = {isa = PBXBuildFile; fileRef = FA4FC5D51B8EAC5100CF0441 /* .slather.yml */; };
/* End PBXBuildFile section */

/* Begin PBXContainerItemProxy section */
		FA238F7E1B8E73AB00DFE4E1 /* PBXContainerItemProxy */ = {
			isa = PBXContainerItemProxy;
			containerPortal = FA238F681B8E73AB00DFE4E1 /* Project object */;
			proxyType = 1;
			remoteGlobalIDString = FA238F701B8E73AB00DFE4E1;
			remoteInfo = "MMX-PromiseKit";
		};
/* End PBXContainerItemProxy section */

/* Begin PBXFileReference section */
		1E7C23F3EE13D876A4336FA1 /* Pods-MMX-PromiseKitTests.debug.xcconfig */ = {isa = PBXFileReference; includeInIndex = 1; lastKnownFileType = text.xcconfig; name = "Pods-MMX-PromiseKitTests.debug.xcconfig"; path = "Pods/Target Support Files/Pods-MMX-PromiseKitTests/Pods-MMX-PromiseKitTests.debug.xcconfig"; sourceTree = "<group>"; };
		28E54F25292CC91CEBB74CB1 /* Pods-MMX-PromiseKitTests.release.xcconfig */ = {isa = PBXFileReference; includeInIndex = 1; lastKnownFileType = text.xcconfig; name = "Pods-MMX-PromiseKitTests.release.xcconfig"; path = "Pods/Target Support Files/Pods-MMX-PromiseKitTests/Pods-MMX-PromiseKitTests.release.xcconfig"; sourceTree = "<group>"; };
		4DE622C1FF92C9491491D079 /* Pods.release.xcconfig */ = {isa = PBXFileReference; includeInIndex = 1; lastKnownFileType = text.xcconfig; name = Pods.release.xcconfig; path = "Pods/Target Support Files/Pods/Pods.release.xcconfig"; sourceTree = "<group>"; };
		4E90285ACC86463D9C735F70 /* Pods_MMX_PromiseKit.framework */ = {isa = PBXFileReference; explicitFileType = wrapper.framework; includeInIndex = 0; path = Pods_MMX_PromiseKit.framework; sourceTree = BUILT_PRODUCTS_DIR; };
		785375B0A79AF06976A67F94 /* Pods-MMX-PromiseKit.release.xcconfig */ = {isa = PBXFileReference; includeInIndex = 1; lastKnownFileType = text.xcconfig; name = "Pods-MMX-PromiseKit.release.xcconfig"; path = "Pods/Target Support Files/Pods-MMX-PromiseKit/Pods-MMX-PromiseKit.release.xcconfig"; sourceTree = "<group>"; };
		9303D1E0E6C5A97CFBB98CCE /* Pods.framework */ = {isa = PBXFileReference; explicitFileType = wrapper.framework; includeInIndex = 0; path = Pods.framework; sourceTree = BUILT_PRODUCTS_DIR; };
		9709C9E9819486022974C4FC /* Pods-MMX-PromiseKit.debug.xcconfig */ = {isa = PBXFileReference; includeInIndex = 1; lastKnownFileType = text.xcconfig; name = "Pods-MMX-PromiseKit.debug.xcconfig"; path = "Pods/Target Support Files/Pods-MMX-PromiseKit/Pods-MMX-PromiseKit.debug.xcconfig"; sourceTree = "<group>"; };
		9D54FD053F9922D3A89BD7D8 /* Pods_MMX_PromiseKitTests.framework */ = {isa = PBXFileReference; explicitFileType = wrapper.framework; includeInIndex = 0; path = Pods_MMX_PromiseKitTests.framework; sourceTree = BUILT_PRODUCTS_DIR; };
		A18091BF1B4131FCDF67247C /* Pods.debug.xcconfig */ = {isa = PBXFileReference; includeInIndex = 1; lastKnownFileType = text.xcconfig; name = Pods.debug.xcconfig; path = "Pods/Target Support Files/Pods/Pods.debug.xcconfig"; sourceTree = "<group>"; };
		FA238F711B8E73AB00DFE4E1 /* MMX_PromiseKit.framework */ = {isa = PBXFileReference; explicitFileType = wrapper.framework; includeInIndex = 0; path = MMX_PromiseKit.framework; sourceTree = BUILT_PRODUCTS_DIR; };
		FA238F751B8E73AB00DFE4E1 /* Info.plist */ = {isa = PBXFileReference; lastKnownFileType = text.plist.xml; path = Info.plist; sourceTree = "<group>"; };
		FA238F761B8E73AB00DFE4E1 /* MMX_PromiseKit.h */ = {isa = PBXFileReference; lastKnownFileType = sourcecode.c.h; path = MMX_PromiseKit.h; sourceTree = "<group>"; };
		FA238F7C1B8E73AB00DFE4E1 /* MMX-PromiseKitTests.xctest */ = {isa = PBXFileReference; explicitFileType = wrapper.cfbundle; includeInIndex = 0; path = "MMX-PromiseKitTests.xctest"; sourceTree = BUILT_PRODUCTS_DIR; };
		FA238F821B8E73AB00DFE4E1 /* Info.plist */ = {isa = PBXFileReference; lastKnownFileType = text.plist.xml; path = Info.plist; sourceTree = "<group>"; };
		FA238FBB1B8E796100DFE4E1 /* MMX-PromiseKit.podspec */ = {isa = PBXFileReference; fileEncoding = 4; lastKnownFileType = text; path = "MMX-PromiseKit.podspec"; sourceTree = "<group>"; xcLanguageSpecificationIdentifier = xcode.lang.ruby; };
		FA238FBD1B8E7B0400DFE4E1 /* LICENSE */ = {isa = PBXFileReference; fileEncoding = 4; lastKnownFileType = text; path = LICENSE; sourceTree = "<group>"; };
		FA238FBF1B8E7C8A00DFE4E1 /* MMX+PromiseKit.h */ = {isa = PBXFileReference; fileEncoding = 4; lastKnownFileType = sourcecode.c.h; path = "MMX+PromiseKit.h"; sourceTree = "<group>"; };
		FA238FC01B8E7C8A00DFE4E1 /* MMX+PromiseKit.m */ = {isa = PBXFileReference; fileEncoding = 4; lastKnownFileType = sourcecode.c.objc; path = "MMX+PromiseKit.m"; sourceTree = "<group>"; };
		FA4FC5CD1B8EA1EF00CF0441 /* MMX-PromiseKit.m */ = {isa = PBXFileReference; fileEncoding = 4; lastKnownFileType = sourcecode.c.objc; path = "MMX-PromiseKit.m"; sourceTree = "<group>"; };
		FA4FC5CF1B8EA98000CF0441 /* .travis.yml */ = {isa = PBXFileReference; fileEncoding = 4; lastKnownFileType = text; path = .travis.yml; sourceTree = "<group>"; };
		FA4FC5D11B8EAA3900CF0441 /* .coveralls.yml */ = {isa = PBXFileReference; fileEncoding = 4; lastKnownFileType = text; path = .coveralls.yml; sourceTree = "<group>"; };
		FA4FC5D31B8EAC0600CF0441 /* Gemfile */ = {isa = PBXFileReference; fileEncoding = 4; lastKnownFileType = text; path = Gemfile; sourceTree = "<group>"; };
		FA4FC5D51B8EAC5100CF0441 /* .slather.yml */ = {isa = PBXFileReference; fileEncoding = 4; lastKnownFileType = text; path = .slather.yml; sourceTree = "<group>"; };
/* End PBXFileReference section */

/* Begin PBXFrameworksBuildPhase section */
		FA238F6D1B8E73AB00DFE4E1 /* Frameworks */ = {
			isa = PBXFrameworksBuildPhase;
			buildActionMask = 2147483647;
			files = (
				F5C056C37D5DF990D811FCA9 /* Pods_MMX_PromiseKit.framework in Frameworks */,
			);
			runOnlyForDeploymentPostprocessing = 0;
		};
		FA238F791B8E73AB00DFE4E1 /* Frameworks */ = {
			isa = PBXFrameworksBuildPhase;
			buildActionMask = 2147483647;
			files = (
				FA238F7D1B8E73AB00DFE4E1 /* MMX_PromiseKit.framework in Frameworks */,
				CEBB47DAE59555832CEC0A10 /* Pods_MMX_PromiseKitTests.framework in Frameworks */,
			);
			runOnlyForDeploymentPostprocessing = 0;
		};
/* End PBXFrameworksBuildPhase section */

/* Begin PBXGroup section */
		7270AAE59015D75390F0FBDC /* Frameworks */ = {
			isa = PBXGroup;
			children = (
				9303D1E0E6C5A97CFBB98CCE /* Pods.framework */,
				4E90285ACC86463D9C735F70 /* Pods_MMX_PromiseKit.framework */,
				9D54FD053F9922D3A89BD7D8 /* Pods_MMX_PromiseKitTests.framework */,
			);
			name = Frameworks;
			sourceTree = "<group>";
		};
		C111FE2B59AC692E0ABD2A67 /* Pods */ = {
			isa = PBXGroup;
			children = (
				A18091BF1B4131FCDF67247C /* Pods.debug.xcconfig */,
				4DE622C1FF92C9491491D079 /* Pods.release.xcconfig */,
				9709C9E9819486022974C4FC /* Pods-MMX-PromiseKit.debug.xcconfig */,
				785375B0A79AF06976A67F94 /* Pods-MMX-PromiseKit.release.xcconfig */,
				1E7C23F3EE13D876A4336FA1 /* Pods-MMX-PromiseKitTests.debug.xcconfig */,
				28E54F25292CC91CEBB74CB1 /* Pods-MMX-PromiseKitTests.release.xcconfig */,
			);
			name = Pods;
			sourceTree = "<group>";
		};
		FA238F671B8E73AB00DFE4E1 = {
			isa = PBXGroup;
			children = (
				FA4FC5D51B8EAC5100CF0441 /* .slather.yml */,
				FA4FC5D31B8EAC0600CF0441 /* Gemfile */,
				FA4FC5D11B8EAA3900CF0441 /* .coveralls.yml */,
				FA4FC5CF1B8EA98000CF0441 /* .travis.yml */,
				FA238FBD1B8E7B0400DFE4E1 /* LICENSE */,
				FA238F731B8E73AB00DFE4E1 /* MMX-PromiseKit */,
				FA238F801B8E73AB00DFE4E1 /* MMX-PromiseKitTests */,
				FA238F721B8E73AB00DFE4E1 /* Products */,
				C111FE2B59AC692E0ABD2A67 /* Pods */,
				7270AAE59015D75390F0FBDC /* Frameworks */,
				FA238FBB1B8E796100DFE4E1 /* MMX-PromiseKit.podspec */,
			);
			sourceTree = "<group>";
		};
		FA238F721B8E73AB00DFE4E1 /* Products */ = {
			isa = PBXGroup;
			children = (
				FA238F711B8E73AB00DFE4E1 /* MMX_PromiseKit.framework */,
				FA238F7C1B8E73AB00DFE4E1 /* MMX-PromiseKitTests.xctest */,
			);
			name = Products;
			sourceTree = "<group>";
		};
		FA238F731B8E73AB00DFE4E1 /* MMX-PromiseKit */ = {
			isa = PBXGroup;
			children = (
				FA238F761B8E73AB00DFE4E1 /* MMX_PromiseKit.h */,
				FA238F741B8E73AB00DFE4E1 /* Supporting Files */,
				FA238FBF1B8E7C8A00DFE4E1 /* MMX+PromiseKit.h */,
				FA238FC01B8E7C8A00DFE4E1 /* MMX+PromiseKit.m */,
			);
			path = "MMX-PromiseKit";
			sourceTree = "<group>";
		};
		FA238F741B8E73AB00DFE4E1 /* Supporting Files */ = {
			isa = PBXGroup;
			children = (
				FA238F751B8E73AB00DFE4E1 /* Info.plist */,
			);
			name = "Supporting Files";
			sourceTree = "<group>";
		};
		FA238F801B8E73AB00DFE4E1 /* MMX-PromiseKitTests */ = {
			isa = PBXGroup;
			children = (
				FA238F811B8E73AB00DFE4E1 /* Supporting Files */,
				FA4FC5CD1B8EA1EF00CF0441 /* MMX-PromiseKit.m */,
			);
			path = "MMX-PromiseKitTests";
			sourceTree = "<group>";
		};
		FA238F811B8E73AB00DFE4E1 /* Supporting Files */ = {
			isa = PBXGroup;
			children = (
				FA238F821B8E73AB00DFE4E1 /* Info.plist */,
			);
			name = "Supporting Files";
			sourceTree = "<group>";
		};
/* End PBXGroup section */

/* Begin PBXHeadersBuildPhase section */
		FA238F6E1B8E73AB00DFE4E1 /* Headers */ = {
			isa = PBXHeadersBuildPhase;
			buildActionMask = 2147483647;
			files = (
				FA238FC11B8E7C8A00DFE4E1 /* MMX+PromiseKit.h in Headers */,
				FA238F771B8E73AB00DFE4E1 /* MMX_PromiseKit.h in Headers */,
			);
			runOnlyForDeploymentPostprocessing = 0;
		};
/* End PBXHeadersBuildPhase section */

/* Begin PBXNativeTarget section */
		FA238F701B8E73AB00DFE4E1 /* MMX-PromiseKit */ = {
			isa = PBXNativeTarget;
			buildConfigurationList = FA238F871B8E73AB00DFE4E1 /* Build configuration list for PBXNativeTarget "MMX-PromiseKit" */;
			buildPhases = (
				3BBAD88DAA67BF6BC8506AA6 /* Check Pods Manifest.lock */,
				FA238F6C1B8E73AB00DFE4E1 /* Sources */,
				FA238F6D1B8E73AB00DFE4E1 /* Frameworks */,
				FA238F6E1B8E73AB00DFE4E1 /* Headers */,
				FA238F6F1B8E73AB00DFE4E1 /* Resources */,
				6B6579A74D0A9CBF5BC265A4 /* Copy Pods Resources */,
			);
			buildRules = (
			);
			dependencies = (
			);
			name = "MMX-PromiseKit";
			productName = "MMX-PromiseKit";
			productReference = FA238F711B8E73AB00DFE4E1 /* MMX_PromiseKit.framework */;
			productType = "com.apple.product-type.framework";
		};
		FA238F7B1B8E73AB00DFE4E1 /* MMX-PromiseKitTests */ = {
			isa = PBXNativeTarget;
			buildConfigurationList = FA238F8A1B8E73AB00DFE4E1 /* Build configuration list for PBXNativeTarget "MMX-PromiseKitTests" */;
			buildPhases = (
				A7B009D0A06F87CBA47F63B4 /* Check Pods Manifest.lock */,
				FA238F781B8E73AB00DFE4E1 /* Sources */,
				FA238F791B8E73AB00DFE4E1 /* Frameworks */,
				FA238F7A1B8E73AB00DFE4E1 /* Resources */,
				4B3992B6F733B552EAF56029 /* Embed Pods Frameworks */,
				77818F959D309B333F22CF91 /* Copy Pods Resources */,
			);
			buildRules = (
			);
			dependencies = (
				FA238F7F1B8E73AB00DFE4E1 /* PBXTargetDependency */,
			);
			name = "MMX-PromiseKitTests";
			productName = "MMX-PromiseKitTests";
			productReference = FA238F7C1B8E73AB00DFE4E1 /* MMX-PromiseKitTests.xctest */;
			productType = "com.apple.product-type.bundle.unit-test";
		};
/* End PBXNativeTarget section */

/* Begin PBXProject section */
		FA238F681B8E73AB00DFE4E1 /* Project object */ = {
			isa = PBXProject;
			attributes = {
				LastUpgradeCheck = 0640;
				ORGANIZATIONNAME = "Seth Samuel";
				TargetAttributes = {
					FA238F701B8E73AB00DFE4E1 = {
						CreatedOnToolsVersion = 6.4;
					};
					FA238F7B1B8E73AB00DFE4E1 = {
						CreatedOnToolsVersion = 6.4;
					};
				};
			};
			buildConfigurationList = FA238F6B1B8E73AB00DFE4E1 /* Build configuration list for PBXProject "MMX-PromiseKit" */;
			compatibilityVersion = "Xcode 3.2";
			developmentRegion = English;
			hasScannedForEncodings = 0;
			knownRegions = (
				en,
			);
			mainGroup = FA238F671B8E73AB00DFE4E1;
			productRefGroup = FA238F721B8E73AB00DFE4E1 /* Products */;
			projectDirPath = "";
			projectRoot = "";
			targets = (
				FA238F701B8E73AB00DFE4E1 /* MMX-PromiseKit */,
				FA238F7B1B8E73AB00DFE4E1 /* MMX-PromiseKitTests */,
			);
		};
/* End PBXProject section */

/* Begin PBXResourcesBuildPhase section */
		FA238F6F1B8E73AB00DFE4E1 /* Resources */ = {
			isa = PBXResourcesBuildPhase;
			buildActionMask = 2147483647;
			files = (
				FA4FC5D01B8EA98000CF0441 /* .travis.yml in Resources */,
				FA238FBE1B8E7B0400DFE4E1 /* LICENSE in Resources */,
				FA4FC5D41B8EAC0600CF0441 /* Gemfile in Resources */,
				FA4FC5D61B8EAC5100CF0441 /* .slather.yml in Resources */,
				FA238FBC1B8E796100DFE4E1 /* MMX-PromiseKit.podspec in Resources */,
				FA4FC5D21B8EAA3900CF0441 /* .coveralls.yml in Resources */,
			);
			runOnlyForDeploymentPostprocessing = 0;
		};
		FA238F7A1B8E73AB00DFE4E1 /* Resources */ = {
			isa = PBXResourcesBuildPhase;
			buildActionMask = 2147483647;
			files = (
			);
			runOnlyForDeploymentPostprocessing = 0;
		};
/* End PBXResourcesBuildPhase section */

/* Begin PBXShellScriptBuildPhase section */
		3BBAD88DAA67BF6BC8506AA6 /* Check Pods Manifest.lock */ = {
			isa = PBXShellScriptBuildPhase;
			buildActionMask = 2147483647;
			files = (
			);
			inputPaths = (
			);
			name = "Check Pods Manifest.lock";
			outputPaths = (
			);
			runOnlyForDeploymentPostprocessing = 0;
			shellPath = /bin/sh;
			shellScript = "diff \"${PODS_ROOT}/../Podfile.lock\" \"${PODS_ROOT}/Manifest.lock\" > /dev/null\nif [[ $? != 0 ]] ; then\n    cat << EOM\nerror: The sandbox is not in sync with the Podfile.lock. Run 'pod install' or update your CocoaPods installation.\nEOM\n    exit 1\nfi\n";
			showEnvVarsInLog = 0;
		};
		4B3992B6F733B552EAF56029 /* Embed Pods Frameworks */ = {
			isa = PBXShellScriptBuildPhase;
			buildActionMask = 2147483647;
			files = (
			);
			inputPaths = (
			);
			name = "Embed Pods Frameworks";
			outputPaths = (
			);
			runOnlyForDeploymentPostprocessing = 0;
			shellPath = /bin/sh;
			shellScript = "\"${SRCROOT}/Pods/Target Support Files/Pods-MMX-PromiseKitTests/Pods-MMX-PromiseKitTests-frameworks.sh\"\n";
			showEnvVarsInLog = 0;
		};
		6B6579A74D0A9CBF5BC265A4 /* Copy Pods Resources */ = {
			isa = PBXShellScriptBuildPhase;
			buildActionMask = 2147483647;
			files = (
			);
			inputPaths = (
			);
			name = "Copy Pods Resources";
			outputPaths = (
			);
			runOnlyForDeploymentPostprocessing = 0;
			shellPath = /bin/sh;
			shellScript = "\"${SRCROOT}/Pods/Target Support Files/Pods-MMX-PromiseKit/Pods-MMX-PromiseKit-resources.sh\"\n";
			showEnvVarsInLog = 0;
		};
		77818F959D309B333F22CF91 /* Copy Pods Resources */ = {
			isa = PBXShellScriptBuildPhase;
			buildActionMask = 2147483647;
			files = (
			);
			inputPaths = (
			);
			name = "Copy Pods Resources";
			outputPaths = (
			);
			runOnlyForDeploymentPostprocessing = 0;
			shellPath = /bin/sh;
			shellScript = "\"${SRCROOT}/Pods/Target Support Files/Pods-MMX-PromiseKitTests/Pods-MMX-PromiseKitTests-resources.sh\"\n";
			showEnvVarsInLog = 0;
		};
		A7B009D0A06F87CBA47F63B4 /* Check Pods Manifest.lock */ = {
			isa = PBXShellScriptBuildPhase;
			buildActionMask = 2147483647;
			files = (
			);
			inputPaths = (
			);
			name = "Check Pods Manifest.lock";
			outputPaths = (
			);
			runOnlyForDeploymentPostprocessing = 0;
			shellPath = /bin/sh;
			shellScript = "diff \"${PODS_ROOT}/../Podfile.lock\" \"${PODS_ROOT}/Manifest.lock\" > /dev/null\nif [[ $? != 0 ]] ; then\n    cat << EOM\nerror: The sandbox is not in sync with the Podfile.lock. Run 'pod install' or update your CocoaPods installation.\nEOM\n    exit 1\nfi\n";
			showEnvVarsInLog = 0;
		};
/* End PBXShellScriptBuildPhase section */

/* Begin PBXSourcesBuildPhase section */
		FA238F6C1B8E73AB00DFE4E1 /* Sources */ = {
			isa = PBXSourcesBuildPhase;
			buildActionMask = 2147483647;
			files = (
				FA238FC21B8E7C8A00DFE4E1 /* MMX+PromiseKit.m in Sources */,
			);
			runOnlyForDeploymentPostprocessing = 0;
		};
		FA238F781B8E73AB00DFE4E1 /* Sources */ = {
			isa = PBXSourcesBuildPhase;
			buildActionMask = 2147483647;
			files = (
				FA4FC5CE1B8EA1EF00CF0441 /* MMX-PromiseKit.m in Sources */,
			);
			runOnlyForDeploymentPostprocessing = 0;
		};
/* End PBXSourcesBuildPhase section */

/* Begin PBXTargetDependency section */
		FA238F7F1B8E73AB00DFE4E1 /* PBXTargetDependency */ = {
			isa = PBXTargetDependency;
			target = FA238F701B8E73AB00DFE4E1 /* MMX-PromiseKit */;
			targetProxy = FA238F7E1B8E73AB00DFE4E1 /* PBXContainerItemProxy */;
		};
/* End PBXTargetDependency section */

/* Begin XCBuildConfiguration section */
		FA238F851B8E73AB00DFE4E1 /* Debug */ = {
			isa = XCBuildConfiguration;
			buildSettings = {
				ALWAYS_SEARCH_USER_PATHS = NO;
				CLANG_CXX_LANGUAGE_STANDARD = "gnu++0x";
				CLANG_CXX_LIBRARY = "libc++";
				CLANG_ENABLE_MODULES = YES;
				CLANG_ENABLE_OBJC_ARC = YES;
				CLANG_WARN_BOOL_CONVERSION = YES;
				CLANG_WARN_CONSTANT_CONVERSION = YES;
				CLANG_WARN_DIRECT_OBJC_ISA_USAGE = YES_ERROR;
				CLANG_WARN_EMPTY_BODY = YES;
				CLANG_WARN_ENUM_CONVERSION = YES;
				CLANG_WARN_INT_CONVERSION = YES;
				CLANG_WARN_OBJC_ROOT_CLASS = YES_ERROR;
				CLANG_WARN_UNREACHABLE_CODE = YES;
				CLANG_WARN__DUPLICATE_METHOD_MATCH = YES;
				"CODE_SIGN_IDENTITY[sdk=iphoneos*]" = "iPhone Developer";
				COPY_PHASE_STRIP = NO;
				CURRENT_PROJECT_VERSION = 1;
				DEBUG_INFORMATION_FORMAT = "dwarf-with-dsym";
				DEFINES_MODULE = YES;
				ENABLE_STRICT_OBJC_MSGSEND = YES;
				GCC_C_LANGUAGE_STANDARD = gnu99;
				GCC_DYNAMIC_NO_PIC = NO;
				GCC_GENERATE_TEST_COVERAGE_FILES = NO;
				GCC_NO_COMMON_BLOCKS = YES;
				GCC_OPTIMIZATION_LEVEL = 0;
				GCC_PREPROCESSOR_DEFINITIONS = (
					"DEBUG=1",
					"$(inherited)",
				);
				GCC_SYMBOLS_PRIVATE_EXTERN = NO;
				GCC_WARN_64_TO_32_BIT_CONVERSION = YES;
				GCC_WARN_ABOUT_RETURN_TYPE = YES_ERROR;
				GCC_WARN_UNDECLARED_SELECTOR = YES;
				GCC_WARN_UNINITIALIZED_AUTOS = YES_AGGRESSIVE;
				GCC_WARN_UNUSED_FUNCTION = YES;
				GCC_WARN_UNUSED_VARIABLE = YES;
				IPHONEOS_DEPLOYMENT_TARGET = 8.4;
				MTL_ENABLE_DEBUG_INFO = YES;
				ONLY_ACTIVE_ARCH = YES;
				SDKROOT = iphoneos;
				SWIFT_OPTIMIZATION_LEVEL = "-Onone";
				TARGETED_DEVICE_FAMILY = "1,2";
				VERSIONING_SYSTEM = "apple-generic";
				VERSION_INFO_PREFIX = "";
			};
			name = Debug;
		};
		FA238F861B8E73AB00DFE4E1 /* Release */ = {
			isa = XCBuildConfiguration;
			buildSettings = {
				ALWAYS_SEARCH_USER_PATHS = NO;
				CLANG_CXX_LANGUAGE_STANDARD = "gnu++0x";
				CLANG_CXX_LIBRARY = "libc++";
				CLANG_ENABLE_MODULES = YES;
				CLANG_ENABLE_OBJC_ARC = YES;
				CLANG_WARN_BOOL_CONVERSION = YES;
				CLANG_WARN_CONSTANT_CONVERSION = YES;
				CLANG_WARN_DIRECT_OBJC_ISA_USAGE = YES_ERROR;
				CLANG_WARN_EMPTY_BODY = YES;
				CLANG_WARN_ENUM_CONVERSION = YES;
				CLANG_WARN_INT_CONVERSION = YES;
				CLANG_WARN_OBJC_ROOT_CLASS = YES_ERROR;
				CLANG_WARN_UNREACHABLE_CODE = YES;
				CLANG_WARN__DUPLICATE_METHOD_MATCH = YES;
				"CODE_SIGN_IDENTITY[sdk=iphoneos*]" = "iPhone Developer";
				COPY_PHASE_STRIP = NO;
				CURRENT_PROJECT_VERSION = 1;
				DEBUG_INFORMATION_FORMAT = "dwarf-with-dsym";
				DEFINES_MODULE = YES;
				ENABLE_NS_ASSERTIONS = NO;
				ENABLE_STRICT_OBJC_MSGSEND = YES;
				GCC_C_LANGUAGE_STANDARD = gnu99;
				GCC_GENERATE_TEST_COVERAGE_FILES = NO;
				GCC_NO_COMMON_BLOCKS = YES;
				GCC_WARN_64_TO_32_BIT_CONVERSION = YES;
				GCC_WARN_ABOUT_RETURN_TYPE = YES_ERROR;
				GCC_WARN_UNDECLARED_SELECTOR = YES;
				GCC_WARN_UNINITIALIZED_AUTOS = YES_AGGRESSIVE;
				GCC_WARN_UNUSED_FUNCTION = YES;
				GCC_WARN_UNUSED_VARIABLE = YES;
				IPHONEOS_DEPLOYMENT_TARGET = 8.4;
				MTL_ENABLE_DEBUG_INFO = NO;
				SDKROOT = iphoneos;
				TARGETED_DEVICE_FAMILY = "1,2";
				VALIDATE_PRODUCT = YES;
				VERSIONING_SYSTEM = "apple-generic";
				VERSION_INFO_PREFIX = "";
			};
			name = Release;
		};
		FA238F881B8E73AB00DFE4E1 /* Debug */ = {
			isa = XCBuildConfiguration;
			baseConfigurationReference = 9709C9E9819486022974C4FC /* Pods-MMX-PromiseKit.debug.xcconfig */;
			buildSettings = {
				DEFINES_MODULE = YES;
				DYLIB_COMPATIBILITY_VERSION = 1;
				DYLIB_CURRENT_VERSION = 1;
				DYLIB_INSTALL_NAME_BASE = "@rpath";
				INFOPLIST_FILE = "MMX-PromiseKit/Info.plist";
				INSTALL_PATH = "$(LOCAL_LIBRARY_DIR)/Frameworks";
				LD_RUNPATH_SEARCH_PATHS = "$(inherited) @executable_path/Frameworks @loader_path/Frameworks";
				PRODUCT_NAME = MMX_PromiseKit;
				SKIP_INSTALL = YES;
			};
			name = Debug;
		};
		FA238F891B8E73AB00DFE4E1 /* Release */ = {
			isa = XCBuildConfiguration;
			baseConfigurationReference = 785375B0A79AF06976A67F94 /* Pods-MMX-PromiseKit.release.xcconfig */;
			buildSettings = {
				DEFINES_MODULE = YES;
				DYLIB_COMPATIBILITY_VERSION = 1;
				DYLIB_CURRENT_VERSION = 1;
				DYLIB_INSTALL_NAME_BASE = "@rpath";
				INFOPLIST_FILE = "MMX-PromiseKit/Info.plist";
				INSTALL_PATH = "$(LOCAL_LIBRARY_DIR)/Frameworks";
				LD_RUNPATH_SEARCH_PATHS = "$(inherited) @executable_path/Frameworks @loader_path/Frameworks";
				PRODUCT_NAME = MMX_PromiseKit;
				SKIP_INSTALL = YES;
			};
			name = Release;
		};
		FA238F8B1B8E73AB00DFE4E1 /* Debug */ = {
			isa = XCBuildConfiguration;
			baseConfigurationReference = 1E7C23F3EE13D876A4336FA1 /* Pods-MMX-PromiseKitTests.debug.xcconfig */;
			buildSettings = {
				"CODE_SIGN_IDENTITY[sdk=iphoneos*]" = "";
				FRAMEWORK_SEARCH_PATHS = (
					"$(SDKROOT)/Developer/Library/Frameworks",
					"$(inherited)",
				);
				GCC_GENERATE_TEST_COVERAGE_FILES = YES;
				GCC_INSTRUMENT_PROGRAM_FLOW_ARCS = YES;
				GCC_PREPROCESSOR_DEFINITIONS = (
					"DEBUG=1",
					"$(inherited)",
				);
				INFOPLIST_FILE = "MMX-PromiseKitTests/Info.plist";
				LD_RUNPATH_SEARCH_PATHS = "$(inherited) @executable_path/Frameworks @loader_path/Frameworks";
				PRODUCT_NAME = "$(TARGET_NAME)";
			};
			name = Debug;
		};
		FA238F8C1B8E73AB00DFE4E1 /* Release */ = {
			isa = XCBuildConfiguration;
			baseConfigurationReference = 28E54F25292CC91CEBB74CB1 /* Pods-MMX-PromiseKitTests.release.xcconfig */;
			buildSettings = {
				"CODE_SIGN_IDENTITY[sdk=iphoneos*]" = "";
				FRAMEWORK_SEARCH_PATHS = (
					"$(SDKROOT)/Developer/Library/Frameworks",
					"$(inherited)",
				);
				GCC_GENERATE_TEST_COVERAGE_FILES = YES;
				GCC_INSTRUMENT_PROGRAM_FLOW_ARCS = YES;
				INFOPLIST_FILE = "MMX-PromiseKitTests/Info.plist";
				LD_RUNPATH_SEARCH_PATHS = "$(inherited) @executable_path/Frameworks @loader_path/Frameworks";
				PRODUCT_NAME = "$(TARGET_NAME)";
			};
			name = Release;
		};
/* End XCBuildConfiguration section */

/* Begin XCConfigurationList section */
		FA238F6B1B8E73AB00DFE4E1 /* Build configuration list for PBXProject "MMX-PromiseKit" */ = {
			isa = XCConfigurationList;
			buildConfigurations = (
				FA238F851B8E73AB00DFE4E1 /* Debug */,
				FA238F861B8E73AB00DFE4E1 /* Release */,
			);
			defaultConfigurationIsVisible = 0;
			defaultConfigurationName = Release;
		};
		FA238F871B8E73AB00DFE4E1 /* Build configuration list for PBXNativeTarget "MMX-PromiseKit" */ = {
			isa = XCConfigurationList;
			buildConfigurations = (
				FA238F881B8E73AB00DFE4E1 /* Debug */,
				FA238F891B8E73AB00DFE4E1 /* Release */,
			);
			defaultConfigurationIsVisible = 0;
			defaultConfigurationName = Release;
		};
		FA238F8A1B8E73AB00DFE4E1 /* Build configuration list for PBXNativeTarget "MMX-PromiseKitTests" */ = {
			isa = XCConfigurationList;
			buildConfigurations = (
				FA238F8B1B8E73AB00DFE4E1 /* Debug */,
				FA238F8C1B8E73AB00DFE4E1 /* Release */,
			);
			defaultConfigurationIsVisible = 0;
			defaultConfigurationName = Release;
		};
/* End XCConfigurationList section */
	};
	rootObject = FA238F681B8E73AB00DFE4E1 /* Project object */;
}
